
Microsoft Visual Studio Solution File, Format Version 12.00
# Visual Studio Version 16
VisualStudioVersion = 16.0.32510.428
MinimumVisualStudioVersion = 10.0.40219.1
Project("{FAE04EC0-301F-11D3-BF4B-00C04F79EFBC}") = "COVID_DAL", "COVID_DAL\COVID_DAL.csproj", "{335A7CE5-206D-4251-8CCD-F363E7523DE2}"
EndProject
Project("{FAE04EC0-301F-11D3-BF4B-00C04F79EFBC}") = "COVID_BL", "COVID_BL\COVID_BL.csproj", "{6995943B-4B14-47FD-AF9C-2B73CDD4B577}"
EndProject
Project("{FAE04EC0-301F-11D3-BF4B-00C04F79EFBC}") = "COVID_PRESENTACION", "COVID_PRESENTACION\COVID_PRESENTACION.csproj", "{DA681185-A2E8-41E4-B80A-85C184EF5337}"
EndProject
Global
	GlobalSection(SolutionConfigurationPlatforms) = preSolution
		Debug|Any CPU = Debug|Any CPU
		Release|Any CPU = Release|Any CPU
	EndGlobalSection
	GlobalSection(ProjectConfigurationPlatforms) = postSolution
		{335A7CE5-206D-4251-8CCD-F363E7523DE2}.Debug|Any CPU.ActiveCfg = Debug|Any CPU
		{335A7CE5-206D-4251-8CCD-F363E7523DE2}.Debug|Any CPU.Build.0 = Debug|Any CPU
		{335A7CE5-206D-4251-8CCD-F363E7523DE2}.Release|Any CPU.ActiveCfg = Release|Any CPU
		{335A7CE5-206D-4251-8CCD-F363E7523DE2}.Release|Any CPU.Build.0 = Release|Any CPU
		{6995943B-4B14-47FD-AF9C-2B73CDD4B577}.Debug|Any CPU.ActiveCfg = Debug|Any CPU
		{6995943B-4B14-47FD-AF9C-2B73CDD4B577}.Debug|Any CPU.Build.0 = Debug|Any CPU
		{6995943B-4B14-47FD-AF9C-2B73CDD4B577}.Release|Any CPU.ActiveCfg = Release|Any CPU
		{6995943B-4B14-47FD-AF9C-2B73CDD4B577}.Release|Any CPU.Build.0 = Release|Any CPU
		{DA681185-A2E8-41E4-B80A-85C184EF5337}.Debug|Any CPU.ActiveCfg = Debug|Any CPU
		{DA681185-A2E8-41E4-B80A-85C184EF5337}.Debug|Any CPU.Build.0 = Debug|Any CPU
		{DA681185-A2E8-41E4-B80A-85C184EF5337}.Release|Any CPU.ActiveCfg = Release|Any CPU
		{DA681185-A2E8-41E4-B80A-85C184EF5337}.Release|Any CPU.Build.0 = Release|Any CPU
	EndGlobalSection
	GlobalSection(SolutionProperties) = preSolution
		HideSolutionNode = FALSE
	EndGlobalSection
	GlobalSection(ExtensibilityGlobals) = postSolution
		SolutionGuid = {E8429B34-60EB-4887-94FB-57F15752F2D4}
	EndGlobalSection
EndGlobal
